
Microsoft Visual Studio Solution File, Format Version 12.00
# Visual Studio Version 16
VisualStudioVersion = 16.0.30011.22
MinimumVisualStudioVersion = 10.0.40219.1
Project("{FAE04EC0-301F-11D3-BF4B-00C04F79EFBC}") = "Vovo4ka", "Vovo4ka\Vovo4ka.csproj", "{1094914F-71A4-4615-8F11-A943051FCBAF}"
EndProject
Project("{FAE04EC0-301F-11D3-BF4B-00C04F79EFBC}") = "UnitTestProject", "UnitTestProject\UnitTestProject.csproj", "{DB224504-2205-41AA-810F-42CACEF6CDEB}"
EndProject
Global
	GlobalSection(SolutionConfigurationPlatforms) = preSolution
		Debug|Any CPU = Debug|Any CPU
		Release|Any CPU = Release|Any CPU
	EndGlobalSection
	GlobalSection(ProjectConfigurationPlatforms) = postSolution
		{1094914F-71A4-4615-8F11-A943051FCBAF}.Debug|Any CPU.ActiveCfg = Debug|Any CPU
		{1094914F-71A4-4615-8F11-A943051FCBAF}.Debug|Any CPU.Build.0 = Debug|Any CPU
		{1094914F-71A4-4615-8F11-A943051FCBAF}.Release|Any CPU.ActiveCfg = Release|Any CPU
		{1094914F-71A4-4615-8F11-A943051FCBAF}.Release|Any CPU.Build.0 = Release|Any CPU
		{DB224504-2205-41AA-810F-42CACEF6CDEB}.Debug|Any CPU.ActiveCfg = Debug|Any CPU
		{DB224504-2205-41AA-810F-42CACEF6CDEB}.Debug|Any CPU.Build.0 = Debug|Any CPU
		{DB224504-2205-41AA-810F-42CACEF6CDEB}.Release|Any CPU.ActiveCfg = Release|Any CPU
		{DB224504-2205-41AA-810F-42CACEF6CDEB}.Release|Any CPU.Build.0 = Release|Any CPU
	EndGlobalSection
	GlobalSection(SolutionProperties) = preSolution
		HideSolutionNode = FALSE
	EndGlobalSection
	GlobalSection(ExtensibilityGlobals) = postSolution
		SolutionGuid = {44D16FA9-E8BA-47D2-A393-FC42526FDE19}
	EndGlobalSection
EndGlobal
